// !$*UTF8*$!
{
	archiveVersion = 1;
	classes = {
	};
	objectVersion = 50;
	objects = {

/* Begin PBXBuildFile section */
		EEE05C5525E2451300FB6DEF /* AppDelegate.swift in Sources */ = {isa = PBXBuildFile; fileRef = EEE05C5425E2451300FB6DEF /* AppDelegate.swift */; };
		EEE05C5725E2451300FB6DEF /* SceneDelegate.swift in Sources */ = {isa = PBXBuildFile; fileRef = EEE05C5625E2451300FB6DEF /* SceneDelegate.swift */; };
		EEE05C5925E2451300FB6DEF /* ViewController.swift in Sources */ = {isa = PBXBuildFile; fileRef = EEE05C5825E2451300FB6DEF /* ViewController.swift */; };
		EEE05C5C25E2451300FB6DEF /* Main.storyboard in Resources */ = {isa = PBXBuildFile; fileRef = EEE05C5A25E2451300FB6DEF /* Main.storyboard */; };
		EEE05C5E25E2451600FB6DEF /* Assets.xcassets in Resources */ = {isa = PBXBuildFile; fileRef = EEE05C5D25E2451600FB6DEF /* Assets.xcassets */; };
		EEE05C6125E2451600FB6DEF /* LaunchScreen.storyboard in Resources */ = {isa = PBXBuildFile; fileRef = EEE05C5F25E2451600FB6DEF /* LaunchScreen.storyboard */; };
		EEE05C6C25E2451600FB6DEF /* PreworkTests.swift in Sources */ = {isa = PBXBuildFile; fileRef = EEE05C6B25E2451600FB6DEF /* PreworkTests.swift */; };
		EEE05C7725E2451600FB6DEF /* PreworkUITests.swift in Sources */ = {isa = PBXBuildFile; fileRef = EEE05C7625E2451600FB6DEF /* PreworkUITests.swift */; };
/* End PBXBuildFile section */

/* Begin PBXContainerItemProxy section */
		EEE05C6825E2451600FB6DEF /* PBXContainerItemProxy */ = {
			isa = PBXContainerItemProxy;
			containerPortal = EEE05C4925E2451200FB6DEF /* Project object */;
			proxyType = 1;
			remoteGlobalIDString = EEE05C5025E2451200FB6DEF;
			remoteInfo = Prework;
		};
		EEE05C7325E2451600FB6DEF /* PBXContainerItemProxy */ = {
			isa = PBXContainerItemProxy;
			containerPortal = EEE05C4925E2451200FB6DEF /* Project object */;
			proxyType = 1;
			remoteGlobalIDString = EEE05C5025E2451200FB6DEF;
			remoteInfo = Prework;
		};
/* End PBXContainerItemProxy section */

/* Begin PBXFileReference section */
		EEE05C5125E2451300FB6DEF /* Prework.app */ = {isa = PBXFileReference; explicitFileType = wrapper.application; includeInIndex = 0; path = Prework.app; sourceTree = BUILT_PRODUCTS_DIR; };
		EEE05C5425E2451300FB6DEF /* AppDelegate.swift */ = {isa = PBXFileReference; lastKnownFileType = sourcecode.swift; path = AppDelegate.swift; sourceTree = "<group>"; };
		EEE05C5625E2451300FB6DEF /* SceneDelegate.swift */ = {isa = PBXFileReference; lastKnownFileType = sourcecode.swift; path = SceneDelegate.swift; sourceTree = "<group>"; };
		EEE05C5825E2451300FB6DEF /* ViewController.swift */ = {isa = PBXFileReference; lastKnownFileType = sourcecode.swift; path = ViewController.swift; sourceTree = "<group>"; };
		EEE05C5B25E2451300FB6DEF /* Base */ = {isa = PBXFileReference; lastKnownFileType = file.storyboard; name = Base; path = Base.lproj/Main.storyboard; sourceTree = "<group>"; };
		EEE05C5D25E2451600FB6DEF /* Assets.xcassets */ = {isa = PBXFileReference; lastKnownFileType = folder.assetcatalog; path = Assets.xcassets; sourceTree = "<group>"; };
		EEE05C6025E2451600FB6DEF /* Base */ = {isa = PBXFileReference; lastKnownFileType = file.storyboard; name = Base; path = Base.lproj/LaunchScreen.storyboard; sourceTree = "<group>"; };
		EEE05C6225E2451600FB6DEF /* Info.plist */ = {isa = PBXFileReference; lastKnownFileType = text.plist.xml; path = Info.plist; sourceTree = "<group>"; };
		EEE05C6725E2451600FB6DEF /* PreworkTests.xctest */ = {isa = PBXFileReference; explicitFileType = wrapper.cfbundle; includeInIndex = 0; path = PreworkTests.xctest; sourceTree = BUILT_PRODUCTS_DIR; };
		EEE05C6B25E2451600FB6DEF /* PreworkTests.swift */ = {isa = PBXFileReference; lastKnownFileType = sourcecode.swift; path = PreworkTests.swift; sourceTree = "<group>"; };
		EEE05C6D25E2451600FB6DEF /* Info.plist */ = {isa = PBXFileReference; lastKnownFileType = text.plist.xml; path = Info.plist; sourceTree = "<group>"; };
		EEE05C7225E2451600FB6DEF /* PreworkUITests.xctest */ = {isa = PBXFileReference; explicitFileType = wrapper.cfbundle; includeInIndex = 0; path = PreworkUITests.xctest; sourceTree = BUILT_PRODUCTS_DIR; };
		EEE05C7625E2451600FB6DEF /* PreworkUITests.swift */ = {isa = PBXFileReference; lastKnownFileType = sourcecode.swift; path = PreworkUITests.swift; sourceTree = "<group>"; };
		EEE05C7825E2451600FB6DEF /* Info.plist */ = {isa = PBXFileReference; lastKnownFileType = text.plist.xml; path = Info.plist; sourceTree = "<group>"; };
/* End PBXFileReference section */

/* Begin PBXFrameworksBuildPhase section */
		EEE05C4E25E2451200FB6DEF /* Frameworks */ = {
			isa = PBXFrameworksBuildPhase;
			buildActionMask = 2147483647;
			files = (
			);
			runOnlyForDeploymentPostprocessing = 0;
		};
		EEE05C6425E2451600FB6DEF /* Frameworks */ = {
			isa = PBXFrameworksBuildPhase;
			buildActionMask = 2147483647;
			files = (
			);
			runOnlyForDeploymentPostprocessing = 0;
		};
		EEE05C6F25E2451600FB6DEF /* Frameworks */ = {
			isa = PBXFrameworksBuildPhase;
			buildActionMask = 2147483647;
			files = (
			);
			runOnlyForDeploymentPostprocessing = 0;
		};
/* End PBXFrameworksBuildPhase section */

/* Begin PBXGroup section */
		EEE05C4825E2451200FB6DEF = {
			isa = PBXGroup;
			children = (
				EEE05C5325E2451300FB6DEF /* Prework */,
				EEE05C6A25E2451600FB6DEF /* PreworkTests */,
				EEE05C7525E2451600FB6DEF /* PreworkUITests */,
				EEE05C5225E2451300FB6DEF /* Products */,
			);
			sourceTree = "<group>";
		};
		EEE05C5225E2451300FB6DEF /* Products */ = {
			isa = PBXGroup;
			children = (
				EEE05C5125E2451300FB6DEF /* Prework.app */,
				EEE05C6725E2451600FB6DEF /* PreworkTests.xctest */,
				EEE05C7225E2451600FB6DEF /* PreworkUITests.xctest */,
			);
			name = Products;
			sourceTree = "<group>";
		};
		EEE05C5325E2451300FB6DEF /* Prework */ = {
			isa = PBXGroup;
			children = (
				EEE05C5425E2451300FB6DEF /* AppDelegate.swift */,
				EEE05C5625E2451300FB6DEF /* SceneDelegate.swift */,
				EEE05C5825E2451300FB6DEF /* ViewController.swift */,
				EEE05C5A25E2451300FB6DEF /* Main.storyboard */,
				EEE05C5D25E2451600FB6DEF /* Assets.xcassets */,
				EEE05C5F25E2451600FB6DEF /* LaunchScreen.storyboard */,
				EEE05C6225E2451600FB6DEF /* Info.plist */,
			);
			path = Prework;
			sourceTree = "<group>";
		};
		EEE05C6A25E2451600FB6DEF /* PreworkTests */ = {
			isa = PBXGroup;
			children = (
				EEE05C6B25E2451600FB6DEF /* PreworkTests.swift */,
				EEE05C6D25E2451600FB6DEF /* Info.plist */,
			);
			path = PreworkTests;
			sourceTree = "<group>";
		};
		EEE05C7525E2451600FB6DEF /* PreworkUITests */ = {
			isa = PBXGroup;
			children = (
				EEE05C7625E2451600FB6DEF /* PreworkUITests.swift */,
				EEE05C7825E2451600FB6DEF /* Info.plist */,
			);
			path = PreworkUITests;
			sourceTree = "<group>";
		};
/* End PBXGroup section */

/* Begin PBXNativeTarget section */
		EEE05C5025E2451200FB6DEF /* Prework */ = {
			isa = PBXNativeTarget;
			buildConfigurationList = EEE05C7B25E2451600FB6DEF /* Build configuration list for PBXNativeTarget "Prework" */;
			buildPhases = (
				EEE05C4D25E2451200FB6DEF /* Sources */,
				EEE05C4E25E2451200FB6DEF /* Frameworks */,
				EEE05C4F25E2451200FB6DEF /* Resources */,
			);
			buildRules = (
			);
			dependencies = (
			);
			name = Prework;
			productName = Prework;
			productReference = EEE05C5125E2451300FB6DEF /* Prework.app */;
			productType = "com.apple.product-type.application";
		};
		EEE05C6625E2451600FB6DEF /* PreworkTests */ = {
			isa = PBXNativeTarget;
			buildConfigurationList = EEE05C7E25E2451600FB6DEF /* Build configuration list for PBXNativeTarget "PreworkTests" */;
			buildPhases = (
				EEE05C6325E2451600FB6DEF /* Sources */,
				EEE05C6425E2451600FB6DEF /* Frameworks */,
				EEE05C6525E2451600FB6DEF /* Resources */,
			);
			buildRules = (
			);
			dependencies = (
				EEE05C6925E2451600FB6DEF /* PBXTargetDependency */,
			);
			name = PreworkTests;
			productName = PreworkTests;
			productReference = EEE05C6725E2451600FB6DEF /* PreworkTests.xctest */;
			productType = "com.apple.product-type.bundle.unit-test";
		};
		EEE05C7125E2451600FB6DEF /* PreworkUITests */ = {
			isa = PBXNativeTarget;
			buildConfigurationList = EEE05C8125E2451600FB6DEF /* Build configuration list for PBXNativeTarget "PreworkUITests" */;
			buildPhases = (
				EEE05C6E25E2451600FB6DEF /* Sources */,
				EEE05C6F25E2451600FB6DEF /* Frameworks */,
				EEE05C7025E2451600FB6DEF /* Resources */,
			);
			buildRules = (
			);
			dependencies = (
				EEE05C7425E2451600FB6DEF /* PBXTargetDependency */,
			);
			name = PreworkUITests;
			productName = PreworkUITests;
			productReference = EEE05C7225E2451600FB6DEF /* PreworkUITests.xctest */;
			productType = "com.apple.product-type.bundle.ui-testing";
		};
/* End PBXNativeTarget section */

/* Begin PBXProject section */
		EEE05C4925E2451200FB6DEF /* Project object */ = {
			isa = PBXProject;
			attributes = {
				LastSwiftUpdateCheck = 1240;
				LastUpgradeCheck = 1240;
				TargetAttributes = {
					EEE05C5025E2451200FB6DEF = {
						CreatedOnToolsVersion = 12.4;
					};
					EEE05C6625E2451600FB6DEF = {
						CreatedOnToolsVersion = 12.4;
						TestTargetID = EEE05C5025E2451200FB6DEF;
					};
					EEE05C7125E2451600FB6DEF = {
						CreatedOnToolsVersion = 12.4;
						TestTargetID = EEE05C5025E2451200FB6DEF;
					};
				};
			};
			buildConfigurationList = EEE05C4C25E2451200FB6DEF /* Build configuration list for PBXProject "Prework" */;
			compatibilityVersion = "Xcode 9.3";
			developmentRegion = en;
			hasScannedForEncodings = 0;
			knownRegions = (
				en,
				Base,
			);
			mainGroup = EEE05C4825E2451200FB6DEF;
			productRefGroup = EEE05C5225E2451300FB6DEF /* Products */;
			projectDirPath = "";
			projectRoot = "";
			targets = (
				EEE05C5025E2451200FB6DEF /* Prework */,
				EEE05C6625E2451600FB6DEF /* PreworkTests */,
				EEE05C7125E2451600FB6DEF /* PreworkUITests */,
			);
		};
/* End PBXProject section */

/* Begin PBXResourcesBuildPhase section */
		EEE05C4F25E2451200FB6DEF /* Resources */ = {
			isa = PBXResourcesBuildPhase;
			buildActionMask = 2147483647;
			files = (
				EEE05C6125E2451600FB6DEF /* LaunchScreen.storyboard in Resources */,
				EEE05C5E25E2451600FB6DEF /* Assets.xcassets in Resources */,
				EEE05C5C25E2451300FB6DEF /* Main.storyboard in Resources */,
			);
			runOnlyForDeploymentPostprocessing = 0;
		};
		EEE05C6525E2451600FB6DEF /* Resources */ = {
			isa = PBXResourcesBuildPhase;
			buildActionMask = 2147483647;
			files = (
			);
			runOnlyForDeploymentPostprocessing = 0;
		};
		EEE05C7025E2451600FB6DEF /* Resources */ = {
			isa = PBXResourcesBuildPhase;
			buildActionMask = 2147483647;
			files = (
			);
			runOnlyForDeploymentPostprocessing = 0;
		};
/* End PBXResourcesBuildPhase section */

/* Begin PBXSourcesBuildPhase section */
		EEE05C4D25E2451200FB6DEF /* Sources */ = {
			isa = PBXSourcesBuildPhase;
			buildActionMask = 2147483647;
			files = (
				EEE05C5925E2451300FB6DEF /* ViewController.swift in Sources */,
				EEE05C5525E2451300FB6DEF /* AppDelegate.swift in Sources */,
				EEE05C5725E2451300FB6DEF /* SceneDelegate.swift in Sources */,
			);
			runOnlyForDeploymentPostprocessing = 0;
		};
		EEE05C6325E2451600FB6DEF /* Sources */ = {
			isa = PBXSourcesBuildPhase;
			buildActionMask = 2147483647;
			files = (
				EEE05C6C25E2451600FB6DEF /* PreworkTests.swift in Sources */,
			);
			runOnlyForDeploymentPostprocessing = 0;
		};
		EEE05C6E25E2451600FB6DEF /* Sources */ = {
			isa = PBXSourcesBuildPhase;
			buildActionMask = 2147483647;
			files = (
				EEE05C7725E2451600FB6DEF /* PreworkUITests.swift in Sources */,
			);
			runOnlyForDeploymentPostprocessing = 0;
		};
/* End PBXSourcesBuildPhase section */

/* Begin PBXTargetDependency section */
		EEE05C6925E2451600FB6DEF /* PBXTargetDependency */ = {
			isa = PBXTargetDependency;
			target = EEE05C5025E2451200FB6DEF /* Prework */;
			targetProxy = EEE05C6825E2451600FB6DEF /* PBXContainerItemProxy */;
		};
		EEE05C7425E2451600FB6DEF /* PBXTargetDependency */ = {
			isa = PBXTargetDependency;
			target = EEE05C5025E2451200FB6DEF /* Prework */;
			targetProxy = EEE05C7325E2451600FB6DEF /* PBXContainerItemProxy */;
		};
/* End PBXTargetDependency section */

/* Begin PBXVariantGroup section */
		EEE05C5A25E2451300FB6DEF /* Main.storyboard */ = {
			isa = PBXVariantGroup;
			children = (
				EEE05C5B25E2451300FB6DEF /* Base */,
			);
			name = Main.storyboard;
			sourceTree = "<group>";
		};
		EEE05C5F25E2451600FB6DEF /* LaunchScreen.storyboard */ = {
			isa = PBXVariantGroup;
			children = (
				EEE05C6025E2451600FB6DEF /* Base */,
			);
			name = LaunchScreen.storyboard;
			sourceTree = "<group>";
		};
/* End PBXVariantGroup section */

/* Begin XCBuildConfiguration section */
		EEE05C7925E2451600FB6DEF /* Debug */ = {
			isa = XCBuildConfiguration;
			buildSettings = {
				ALWAYS_SEARCH_USER_PATHS = NO;
				CLANG_ANALYZER_NONNULL = YES;
				CLANG_ANALYZER_NUMBER_OBJECT_CONVERSION = YES_AGGRESSIVE;
				CLANG_CXX_LANGUAGE_STANDARD = "gnu++14";
				CLANG_CXX_LIBRARY = "libc++";
				CLANG_ENABLE_MODULES = YES;
				CLANG_ENABLE_OBJC_ARC = YES;
				CLANG_ENABLE_OBJC_WEAK = YES;
				CLANG_WARN_BLOCK_CAPTURE_AUTORELEASING = YES;
				CLANG_WARN_BOOL_CONVERSION = YES;
				CLANG_WARN_COMMA = YES;
				CLANG_WARN_CONSTANT_CONVERSION = YES;
				CLANG_WARN_DEPRECATED_OBJC_IMPLEMENTATIONS = YES;
				CLANG_WARN_DIRECT_OBJC_ISA_USAGE = YES_ERROR;
				CLANG_WARN_DOCUMENTATION_COMMENTS = YES;
				CLANG_WARN_EMPTY_BODY = YES;
				CLANG_WARN_ENUM_CONVERSION = YES;
				CLANG_WARN_INFINITE_RECURSION = YES;
				CLANG_WARN_INT_CONVERSION = YES;
				CLANG_WARN_NON_LITERAL_NULL_CONVERSION = YES;
				CLANG_WARN_OBJC_IMPLICIT_RETAIN_SELF = YES;
				CLANG_WARN_OBJC_LITERAL_CONVERSION = YES;
				CLANG_WARN_OBJC_ROOT_CLASS = YES_ERROR;
				CLANG_WARN_QUOTED_INCLUDE_IN_FRAMEWORK_HEADER = YES;
				CLANG_WARN_RANGE_LOOP_ANALYSIS = YES;
				CLANG_WARN_STRICT_PROTOTYPES = YES;
				CLANG_WARN_SUSPICIOUS_MOVE = YES;
				CLANG_WARN_UNGUARDED_AVAILABILITY = YES_AGGRESSIVE;
				CLANG_WARN_UNREACHABLE_CODE = YES;
				CLANG_WARN__DUPLICATE_METHOD_MATCH = YES;
				COPY_PHASE_STRIP = NO;
				DEBUG_INFORMATION_FORMAT = dwarf;
				ENABLE_STRICT_OBJC_MSGSEND = YES;
				ENABLE_TESTABILITY = YES;
				GCC_C_LANGUAGE_STANDARD = gnu11;
				GCC_DYNAMIC_NO_PIC = NO;
				GCC_NO_COMMON_BLOCKS = YES;
				GCC_OPTIMIZATION_LEVEL = 0;
				GCC_PREPROCESSOR_DEFINITIONS = (
					"DEBUG=1",
					"$(inherited)",
				);
				GCC_WARN_64_TO_32_BIT_CONVERSION = YES;
				GCC_WARN_ABOUT_RETURN_TYPE = YES_ERROR;
				GCC_WARN_UNDECLARED_SELECTOR = YES;
				GCC_WARN_UNINITIALIZED_AUTOS = YES_AGGRESSIVE;
				GCC_WARN_UNUSED_FUNCTION = YES;
				GCC_WARN_UNUSED_VARIABLE = YES;
				IPHONEOS_DEPLOYMENT_TARGET = 14.4;
				MTL_ENABLE_DEBUG_INFO = INCLUDE_SOURCE;
				MTL_FAST_MATH = YES;
				ONLY_ACTIVE_ARCH = YES;
				SDKROOT = iphoneos;
				SWIFT_ACTIVE_COMPILATION_CONDITIONS = DEBUG;
				SWIFT_OPTIMIZATION_LEVEL = "-Onone";
			};
			name = Debug;
		};
		EEE05C7A25E2451600FB6DEF /* Release */ = {
			isa = XCBuildConfiguration;
			buildSettings = {
				ALWAYS_SEARCH_USER_PATHS = NO;
				CLANG_ANALYZER_NONNULL = YES;
				CLANG_ANALYZER_NUMBER_OBJECT_CONVERSION = YES_AGGRESSIVE;
				CLANG_CXX_LANGUAGE_STANDARD = "gnu++14";
				CLANG_CXX_LIBRARY = "libc++";
				CLANG_ENABLE_MODULES = YES;
				CLANG_ENABLE_OBJC_ARC = YES;
				CLANG_ENABLE_OBJC_WEAK = YES;
				CLANG_WARN_BLOCK_CAPTURE_AUTORELEASING = YES;
				CLANG_WARN_BOOL_CONVERSION = YES;
				CLANG_WARN_COMMA = YES;
				CLANG_WARN_CONSTANT_CONVERSION = YES;
				CLANG_WARN_DEPRECATED_OBJC_IMPLEMENTATIONS = YES;
				CLANG_WARN_DIRECT_OBJC_ISA_USAGE = YES_ERROR;
				CLANG_WARN_DOCUMENTATION_COMMENTS = YES;
				CLANG_WARN_EMPTY_BODY = YES;
				CLANG_WARN_ENUM_CONVERSION = YES;
				CLANG_WARN_INFINITE_RECURSION = YES;
				CLANG_WARN_INT_CONVERSION = YES;
				CLANG_WARN_NON_LITERAL_NULL_CONVERSION = YES;
				CLANG_WARN_OBJC_IMPLICIT_RETAIN_SELF = YES;
				CLANG_WARN_OBJC_LITERAL_CONVERSION = YES;
				CLANG_WARN_OBJC_ROOT_CLASS = YES_ERROR;
				CLANG_WARN_QUOTED_INCLUDE_IN_FRAMEWORK_HEADER = YES;
				CLANG_WARN_RANGE_LOOP_ANALYSIS = YES;
				CLANG_WARN_STRICT_PROTOTYPES = YES;
				CLANG_WARN_SUSPICIOUS_MOVE = YES;
				CLANG_WARN_UNGUARDED_AVAILABILITY = YES_AGGRESSIVE;
				CLANG_WARN_UNREACHABLE_CODE = YES;
				CLANG_WARN__DUPLICATE_METHOD_MATCH = YES;
				COPY_PHASE_STRIP = NO;
				DEBUG_INFORMATION_FORMAT = "dwarf-with-dsym";
				ENABLE_NS_ASSERTIONS = NO;
				ENABLE_STRICT_OBJC_MSGSEND = YES;
				GCC_C_LANGUAGE_STANDARD = gnu11;
				GCC_NO_COMMON_BLOCKS = YES;
				GCC_WARN_64_TO_32_BIT_CONVERSION = YES;
				GCC_WARN_ABOUT_RETURN_TYPE = YES_ERROR;
				GCC_WARN_UNDECLARED_SELECTOR = YES;
				GCC_WARN_UNINITIALIZED_AUTOS = YES_AGGRESSIVE;
				GCC_WARN_UNUSED_FUNCTION = YES;
				GCC_WARN_UNUSED_VARIABLE = YES;
				IPHONEOS_DEPLOYMENT_TARGET = 14.4;
				MTL_ENABLE_DEBUG_INFO = NO;
				MTL_FAST_MATH = YES;
				SDKROOT = iphoneos;
				SWIFT_COMPILATION_MODE = wholemodule;
				SWIFT_OPTIMIZATION_LEVEL = "-O";
				VALIDATE_PRODUCT = YES;
			};
			name = Release;
		};
		EEE05C7C25E2451600FB6DEF /* Debug */ = {
			isa = XCBuildConfiguration;
			buildSettings = {
				ASSETCATALOG_COMPILER_APPICON_NAME = AppIcon;
				ASSETCATALOG_COMPILER_GLOBAL_ACCENT_COLOR_NAME = AccentColor;
				CODE_SIGN_STYLE = Automatic;
				INFOPLIST_FILE = Prework/Info.plist;
				LD_RUNPATH_SEARCH_PATHS = (
					"$(inherited)",
					"@executable_path/Frameworks",
				);
				PRODUCT_BUNDLE_IDENTIFIER = memo.com.Prework;
				PRODUCT_NAME = "$(TARGET_NAME)";
				SWIFT_VERSION = 5.0;
				TARGETED_DEVICE_FAMILY = "1,2";
			};
			name = Debug;
		};
		EEE05C7D25E2451600FB6DEF /* Release */ = {
			isa = XCBuildConfiguration;
			buildSettings = {
				ASSETCATALOG_COMPILER_APPICON_NAME = AppIcon;
				ASSETCATALOG_COMPILER_GLOBAL_ACCENT_COLOR_NAME = AccentColor;
				CODE_SIGN_STYLE = Automatic;
				INFOPLIST_FILE = Prework/Info.plist;
				LD_RUNPATH_SEARCH_PATHS = (
					"$(inherited)",
					"@executable_path/Frameworks",
				);
				PRODUCT_BUNDLE_IDENTIFIER = memo.com.Prework;
				PRODUCT_NAME = "$(TARGET_NAME)";
				SWIFT_VERSION = 5.0;
				TARGETED_DEVICE_FAMILY = "1,2";
			};
			name = Release;
		};
		EEE05C7F25E2451600FB6DEF /* Debug */ = {
			isa = XCBuildConfiguration;
			buildSettings = {
				ALWAYS_EMBED_SWIFT_STANDARD_LIBRARIES = YES;
				BUNDLE_LOADER = "$(TEST_HOST)";
				CODE_SIGN_STYLE = Automatic;
				INFOPLIST_FILE = PreworkTests/Info.plist;
				IPHONEOS_DEPLOYMENT_TARGET = 14.4;
				LD_RUNPATH_SEARCH_PATHS = (
					"$(inherited)",
					"@executable_path/Frameworks",
					"@loader_path/Frameworks",
				);
				PRODUCT_BUNDLE_IDENTIFIER = memo.com.PreworkTests;
				PRODUCT_NAME = "$(TARGET_NAME)";
				SWIFT_VERSION = 5.0;
				TARGETED_DEVICE_FAMILY = "1,2";
				TEST_HOST = "$(BUILT_PRODUCTS_DIR)/Prework.app/Prework";
			};
			name = Debug;
		};
		EEE05C8025E2451600FB6DEF /* Release */ = {
			isa = XCBuildConfiguration;
			buildSettings = {
				ALWAYS_EMBED_SWIFT_STANDARD_LIBRARIES = YES;
				BUNDLE_LOADER = "$(TEST_HOST)";
				CODE_SIGN_STYLE = Automatic;
				INFOPLIST_FILE = PreworkTests/Info.plist;
				IPHONEOS_DEPLOYMENT_TARGET = 14.4;
				LD_RUNPATH_SEARCH_PATHS = (
					"$(inherited)",
					"@executable_path/Frameworks",
					"@loader_path/Frameworks",
				);
				PRODUCT_BUNDLE_IDENTIFIER = memo.com.PreworkTests;
				PRODUCT_NAME = "$(TARGET_NAME)";
				SWIFT_VERSION = 5.0;
				TARGETED_DEVICE_FAMILY = "1,2";
				TEST_HOST = "$(BUILT_PRODUCTS_DIR)/Prework.app/Prework";
			};
			name = Release;
		};
		EEE05C8225E2451600FB6DEF /* Debug */ = {
			isa = XCBuildConfiguration;
			buildSettings = {
				ALWAYS_EMBED_SWIFT_STANDARD_LIBRARIES = YES;
				CODE_SIGN_STYLE = Automatic;
				INFOPLIST_FILE = PreworkUITests/Info.plist;
				LD_RUNPATH_SEARCH_PATHS = (
					"$(inherited)",
					"@executable_path/Frameworks",
					"@loader_path/Frameworks",
				);
				PRODUCT_BUNDLE_IDENTIFIER = memo.com.PreworkUITests;
				PRODUCT_NAME = "$(TARGET_NAME)";
				SWIFT_VERSION = 5.0;
				TARGETED_DEVICE_FAMILY = "1,2";
				TEST_TARGET_NAME = Prework;
			};
			name = Debug;
		};
		EEE05C8325E2451600FB6DEF /* Release */ = {
			isa = XCBuildConfiguration;
			buildSettings = {
				ALWAYS_EMBED_SWIFT_STANDARD_LIBRARIES = YES;
				CODE_SIGN_STYLE = Automatic;
				INFOPLIST_FILE = PreworkUITests/Info.plist;
				LD_RUNPATH_SEARCH_PATHS = (
					"$(inherited)",
					"@executable_path/Frameworks",
					"@loader_path/Frameworks",
				);
				PRODUCT_BUNDLE_IDENTIFIER = memo.com.PreworkUITests;
				PRODUCT_NAME = "$(TARGET_NAME)";
				SWIFT_VERSION = 5.0;
				TARGETED_DEVICE_FAMILY = "1,2";
				TEST_TARGET_NAME = Prework;
			};
			name = Release;
		};
/* End XCBuildConfiguration section */

/* Begin XCConfigurationList section */
		EEE05C4C25E2451200FB6DEF /* Build configuration list for PBXProject "Prework" */ = {
			isa = XCConfigurationList;
			buildConfigurations = (
				EEE05C7925E2451600FB6DEF /* Debug */,
				EEE05C7A25E2451600FB6DEF /* Release */,
			);
			defaultConfigurationIsVisible = 0;
			defaultConfigurationName = Release;
		};
		EEE05C7B25E2451600FB6DEF /* Build configuration list for PBXNativeTarget "Prework" */ = {
			isa = XCConfigurationList;
			buildConfigurations = (
				EEE05C7C25E2451600FB6DEF /* Debug */,
				EEE05C7D25E2451600FB6DEF /* Release */,
			);
			defaultConfigurationIsVisible = 0;
			defaultConfigurationName = Release;
		};
		EEE05C7E25E2451600FB6DEF /* Build configuration list for PBXNativeTarget "PreworkTests" */ = {
			isa = XCConfigurationList;
			buildConfigurations = (
				EEE05C7F25E2451600FB6DEF /* Debug */,
				EEE05C8025E2451600FB6DEF /* Release */,
			);
			defaultConfigurationIsVisible = 0;
			defaultConfigurationName = Release;
		};
		EEE05C8125E2451600FB6DEF /* Build configuration list for PBXNativeTarget "PreworkUITests" */ = {
			isa = XCConfigurationList;
			buildConfigurations = (
				EEE05C8225E2451600FB6DEF /* Debug */,
				EEE05C8325E2451600FB6DEF /* Release */,
			);
			defaultConfigurationIsVisible = 0;
			defaultConfigurationName = Release;
		};
/* End XCConfigurationList section */
	};
	rootObject = EEE05C4925E2451200FB6DEF /* Project object */;
}
